// !$*UTF8*$!
{
	archiveVersion = 1;
	classes = {
	};
	objectVersion = 51;
	objects = {

/* Begin PBXBuildFile section */
		814440AFB3C31947639E82BB /* Pods_SmackSlack.framework in Frameworks */ = {isa = PBXBuildFile; fileRef = A789871039888BE3DCA3FDBC /* Pods_SmackSlack.framework */; };
		F916475E25B79B08004965F4 /* SWRevealViewController.m in Sources */ = {isa = PBXBuildFile; fileRef = F916475C25B79B07004965F4 /* SWRevealViewController.m */; };
		F990569A25B1FDA10053401F /* AppDelegate.swift in Sources */ = {isa = PBXBuildFile; fileRef = F990569925B1FDA10053401F /* AppDelegate.swift */; };
		F990569C25B1FDA10053401F /* SceneDelegate.swift in Sources */ = {isa = PBXBuildFile; fileRef = F990569B25B1FDA10053401F /* SceneDelegate.swift */; };
		F990569E25B1FDA10053401F /* ViewController.swift in Sources */ = {isa = PBXBuildFile; fileRef = F990569D25B1FDA10053401F /* ViewController.swift */; };
		F99056A125B1FDA10053401F /* Main.storyboard in Resources */ = {isa = PBXBuildFile; fileRef = F990569F25B1FDA10053401F /* Main.storyboard */; };
		F99056A325B1FDA40053401F /* Assets.xcassets in Resources */ = {isa = PBXBuildFile; fileRef = F99056A225B1FDA40053401F /* Assets.xcassets */; };
		F99056A625B1FDA40053401F /* LaunchScreen.storyboard in Resources */ = {isa = PBXBuildFile; fileRef = F99056A425B1FDA40053401F /* LaunchScreen.storyboard */; };
/* End PBXBuildFile section */

/* Begin PBXFileReference section */
		8856596955D7E7A66A78462E /* Pods-SmackSlack.debug.xcconfig */ = {isa = PBXFileReference; includeInIndex = 1; lastKnownFileType = text.xcconfig; name = "Pods-SmackSlack.debug.xcconfig"; path = "Target Support Files/Pods-SmackSlack/Pods-SmackSlack.debug.xcconfig"; sourceTree = "<group>"; };
		A789871039888BE3DCA3FDBC /* Pods_SmackSlack.framework */ = {isa = PBXFileReference; explicitFileType = wrapper.framework; includeInIndex = 0; path = Pods_SmackSlack.framework; sourceTree = BUILT_PRODUCTS_DIR; };
		D33B8F183F223C19D3C0E9B9 /* Pods-SmackSlack.release.xcconfig */ = {isa = PBXFileReference; includeInIndex = 1; lastKnownFileType = text.xcconfig; name = "Pods-SmackSlack.release.xcconfig"; path = "Target Support Files/Pods-SmackSlack/Pods-SmackSlack.release.xcconfig"; sourceTree = "<group>"; };
		F916475B25B79B06004965F4 /* SmackSlack-Bridging-Header.h */ = {isa = PBXFileReference; lastKnownFileType = sourcecode.c.h; path = "SmackSlack-Bridging-Header.h"; sourceTree = "<group>"; };
		F916475C25B79B07004965F4 /* SWRevealViewController.m */ = {isa = PBXFileReference; fileEncoding = 4; lastKnownFileType = sourcecode.c.objc; path = SWRevealViewController.m; sourceTree = "<group>"; };
		F916475D25B79B08004965F4 /* SWRevealViewController.h */ = {isa = PBXFileReference; fileEncoding = 4; lastKnownFileType = sourcecode.c.h; path = SWRevealViewController.h; sourceTree = "<group>"; };
		F990569625B1FDA10053401F /* SmackSlack.app */ = {isa = PBXFileReference; explicitFileType = wrapper.application; includeInIndex = 0; path = SmackSlack.app; sourceTree = BUILT_PRODUCTS_DIR; };
		F990569925B1FDA10053401F /* AppDelegate.swift */ = {isa = PBXFileReference; lastKnownFileType = sourcecode.swift; path = AppDelegate.swift; sourceTree = "<group>"; };
		F990569B25B1FDA10053401F /* SceneDelegate.swift */ = {isa = PBXFileReference; lastKnownFileType = sourcecode.swift; path = SceneDelegate.swift; sourceTree = "<group>"; };
		F990569D25B1FDA10053401F /* ViewController.swift */ = {isa = PBXFileReference; lastKnownFileType = sourcecode.swift; path = ViewController.swift; sourceTree = "<group>"; };
		F99056A025B1FDA10053401F /* Base */ = {isa = PBXFileReference; lastKnownFileType = file.storyboard; name = Base; path = Base.lproj/Main.storyboard; sourceTree = "<group>"; };
		F99056A225B1FDA40053401F /* Assets.xcassets */ = {isa = PBXFileReference; lastKnownFileType = folder.assetcatalog; path = Assets.xcassets; sourceTree = "<group>"; };
		F99056A525B1FDA40053401F /* Base */ = {isa = PBXFileReference; lastKnownFileType = file.storyboard; name = Base; path = Base.lproj/LaunchScreen.storyboard; sourceTree = "<group>"; };
		F99056A725B1FDA40053401F /* Info.plist */ = {isa = PBXFileReference; lastKnownFileType = text.plist.xml; path = Info.plist; sourceTree = "<group>"; };
/* End PBXFileReference section */

/* Begin PBXFrameworksBuildPhase section */
		F990569325B1FDA10053401F /* Frameworks */ = {
			isa = PBXFrameworksBuildPhase;
			buildActionMask = 2147483647;
			files = (
				814440AFB3C31947639E82BB /* Pods_SmackSlack.framework in Frameworks */,
			);
			runOnlyForDeploymentPostprocessing = 0;
		};
/* End PBXFrameworksBuildPhase section */

/* Begin PBXGroup section */
		4922D1C53DD38BAF1A4F042B /* Pods */ = {
			isa = PBXGroup;
			children = (
				8856596955D7E7A66A78462E /* Pods-SmackSlack.debug.xcconfig */,
				D33B8F183F223C19D3C0E9B9 /* Pods-SmackSlack.release.xcconfig */,
			);
			path = Pods;
			sourceTree = "<group>";
		};
		5572D61298B1A4652791E43C /* Frameworks */ = {
			isa = PBXGroup;
			children = (
				A789871039888BE3DCA3FDBC /* Pods_SmackSlack.framework */,
			);
			name = Frameworks;
			sourceTree = "<group>";
		};
		F916475A25B79AC0004965F4 /* Supporting Files */ = {
			isa = PBXGroup;
			children = (
				F916475D25B79B08004965F4 /* SWRevealViewController.h */,
				F916475C25B79B07004965F4 /* SWRevealViewController.m */,
				F916475B25B79B06004965F4 /* SmackSlack-Bridging-Header.h */,
			);
			path = "Supporting Files";
			sourceTree = "<group>";
		};
		F990568D25B1FDA10053401F = {
			isa = PBXGroup;
			children = (
				F990569825B1FDA10053401F /* SmackSlack */,
				F990569725B1FDA10053401F /* Products */,
				4922D1C53DD38BAF1A4F042B /* Pods */,
				5572D61298B1A4652791E43C /* Frameworks */,
			);
			sourceTree = "<group>";
		};
		F990569725B1FDA10053401F /* Products */ = {
			isa = PBXGroup;
			children = (
				F990569625B1FDA10053401F /* SmackSlack.app */,
			);
			name = Products;
			sourceTree = "<group>";
		};
		F990569825B1FDA10053401F /* SmackSlack */ = {
			isa = PBXGroup;
			children = (
				F916475A25B79AC0004965F4 /* Supporting Files */,
				F990569925B1FDA10053401F /* AppDelegate.swift */,
				F990569B25B1FDA10053401F /* SceneDelegate.swift */,
				F990569D25B1FDA10053401F /* ViewController.swift */,
				F990569F25B1FDA10053401F /* Main.storyboard */,
				F99056A225B1FDA40053401F /* Assets.xcassets */,
				F99056A425B1FDA40053401F /* LaunchScreen.storyboard */,
				F99056A725B1FDA40053401F /* Info.plist */,
			);
			path = SmackSlack;
			sourceTree = "<group>";
		};
/* End PBXGroup section */

/* Begin PBXNativeTarget section */
		F990569525B1FDA10053401F /* SmackSlack */ = {
			isa = PBXNativeTarget;
			buildConfigurationList = F99056AA25B1FDA40053401F /* Build configuration list for PBXNativeTarget "SmackSlack" */;
			buildPhases = (
				86831B6DF6B826D96AAB6314 /* [CP] Check Pods Manifest.lock */,
				F990569225B1FDA10053401F /* Sources */,
				F990569325B1FDA10053401F /* Frameworks */,
				F990569425B1FDA10053401F /* Resources */,
				CB025621451CBE774EDEDA12 /* [CP] Embed Pods Frameworks */,
			);
			buildRules = (
			);
			dependencies = (
			);
			name = SmackSlack;
			productName = SmackSlack;
			productReference = F990569625B1FDA10053401F /* SmackSlack.app */;
			productType = "com.apple.product-type.application";
		};
/* End PBXNativeTarget section */

/* Begin PBXProject section */
		F990568E25B1FDA10053401F /* Project object */ = {
			isa = PBXProject;
			attributes = {
				LastSwiftUpdateCheck = 1220;
				LastUpgradeCheck = 1220;
				TargetAttributes = {
					F990569525B1FDA10053401F = {
						CreatedOnToolsVersion = 12.2;
						LastSwiftMigration = 1220;
					};
				};
			};
			buildConfigurationList = F990569125B1FDA10053401F /* Build configuration list for PBXProject "SmackSlack" */;
			compatibilityVersion = "Xcode 9.3";
			developmentRegion = en;
			hasScannedForEncodings = 0;
			knownRegions = (
				en,
				Base,
			);
			mainGroup = F990568D25B1FDA10053401F;
			productRefGroup = F990569725B1FDA10053401F /* Products */;
			projectDirPath = "";
			projectRoot = "";
			targets = (
				F990569525B1FDA10053401F /* SmackSlack */,
			);
		};
/* End PBXProject section */

/* Begin PBXResourcesBuildPhase section */
		F990569425B1FDA10053401F /* Resources */ = {
			isa = PBXResourcesBuildPhase;
			buildActionMask = 2147483647;
			files = (
				F99056A625B1FDA40053401F /* LaunchScreen.storyboard in Resources */,
				F99056A325B1FDA40053401F /* Assets.xcassets in Resources */,
				F99056A125B1FDA10053401F /* Main.storyboard in Resources */,
			);
			runOnlyForDeploymentPostprocessing = 0;
		};
/* End PBXResourcesBuildPhase section */

/* Begin PBXShellScriptBuildPhase section */
		86831B6DF6B826D96AAB6314 /* [CP] Check Pods Manifest.lock */ = {
			isa = PBXShellScriptBuildPhase;
			buildActionMask = 2147483647;
			files = (
			);
			inputFileListPaths = (
			);
			inputPaths = (
				"${PODS_PODFILE_DIR_PATH}/Podfile.lock",
				"${PODS_ROOT}/Manifest.lock",
			);
			name = "[CP] Check Pods Manifest.lock";
			outputFileListPaths = (
			);
			outputPaths = (
				"$(DERIVED_FILE_DIR)/Pods-SmackSlack-checkManifestLockResult.txt",
			);
			runOnlyForDeploymentPostprocessing = 0;
			shellPath = /bin/sh;
			shellScript = "diff \"${PODS_PODFILE_DIR_PATH}/Podfile.lock\" \"${PODS_ROOT}/Manifest.lock\" > /dev/null\nif [ $? != 0 ] ; then\n    # print error to STDERR\n    echo \"error: The sandbox is not in sync with the Podfile.lock. Run 'pod install' or update your CocoaPods installation.\" >&2\n    exit 1\nfi\n# This output is used by Xcode 'outputs' to avoid re-running this script phase.\necho \"SUCCESS\" > \"${SCRIPT_OUTPUT_FILE_0}\"\n";
			showEnvVarsInLog = 0;
		};
		CB025621451CBE774EDEDA12 /* [CP] Embed Pods Frameworks */ = {
			isa = PBXShellScriptBuildPhase;
			buildActionMask = 2147483647;
			files = (
			);
			inputFileListPaths = (
				"${PODS_ROOT}/Target Support Files/Pods-SmackSlack/Pods-SmackSlack-frameworks-${CONFIGURATION}-input-files.xcfilelist",
			);
			name = "[CP] Embed Pods Frameworks";
			outputFileListPaths = (
				"${PODS_ROOT}/Target Support Files/Pods-SmackSlack/Pods-SmackSlack-frameworks-${CONFIGURATION}-output-files.xcfilelist",
			);
			runOnlyForDeploymentPostprocessing = 0;
			shellPath = /bin/sh;
			shellScript = "\"${PODS_ROOT}/Target Support Files/Pods-SmackSlack/Pods-SmackSlack-frameworks.sh\"\n";
			showEnvVarsInLog = 0;
		};
/* End PBXShellScriptBuildPhase section */

/* Begin PBXSourcesBuildPhase section */
		F990569225B1FDA10053401F /* Sources */ = {
			isa = PBXSourcesBuildPhase;
			buildActionMask = 2147483647;
			files = (
				F990569E25B1FDA10053401F /* ViewController.swift in Sources */,
				F990569A25B1FDA10053401F /* AppDelegate.swift in Sources */,
				F990569C25B1FDA10053401F /* SceneDelegate.swift in Sources */,
				F916475E25B79B08004965F4 /* SWRevealViewController.m in Sources */,
			);
			runOnlyForDeploymentPostprocessing = 0;
		};
/* End PBXSourcesBuildPhase section */

/* Begin PBXVariantGroup section */
		F990569F25B1FDA10053401F /* Main.storyboard */ = {
			isa = PBXVariantGroup;
			children = (
				F99056A025B1FDA10053401F /* Base */,
			);
			name = Main.storyboard;
			sourceTree = "<group>";
		};
		F99056A425B1FDA40053401F /* LaunchScreen.storyboard */ = {
			isa = PBXVariantGroup;
			children = (
				F99056A525B1FDA40053401F /* Base */,
			);
			name = LaunchScreen.storyboard;
			sourceTree = "<group>";
		};
/* End PBXVariantGroup section */

/* Begin XCBuildConfiguration section */
		F99056A825B1FDA40053401F /* Debug */ = {
			isa = XCBuildConfiguration;
			buildSettings = {
				ALWAYS_SEARCH_USER_PATHS = NO;
				CLANG_ANALYZER_NONNULL = YES;
				CLANG_ANALYZER_NUMBER_OBJECT_CONVERSION = YES_AGGRESSIVE;
				CLANG_CXX_LANGUAGE_STANDARD = "gnu++14";
				CLANG_CXX_LIBRARY = "libc++";
				CLANG_ENABLE_MODULES = YES;
				CLANG_ENABLE_OBJC_ARC = YES;
				CLANG_ENABLE_OBJC_WEAK = YES;
				CLANG_WARN_BLOCK_CAPTURE_AUTORELEASING = YES;
				CLANG_WARN_BOOL_CONVERSION = YES;
				CLANG_WARN_COMMA = YES;
				CLANG_WARN_CONSTANT_CONVERSION = YES;
				CLANG_WARN_DEPRECATED_OBJC_IMPLEMENTATIONS = YES;
				CLANG_WARN_DIRECT_OBJC_ISA_USAGE = YES_ERROR;
				CLANG_WARN_DOCUMENTATION_COMMENTS = YES;
				CLANG_WARN_EMPTY_BODY = YES;
				CLANG_WARN_ENUM_CONVERSION = YES;
				CLANG_WARN_INFINITE_RECURSION = YES;
				CLANG_WARN_INT_CONVERSION = YES;
				CLANG_WARN_NON_LITERAL_NULL_CONVERSION = YES;
				CLANG_WARN_OBJC_IMPLICIT_RETAIN_SELF = YES;
				CLANG_WARN_OBJC_LITERAL_CONVERSION = YES;
				CLANG_WARN_OBJC_ROOT_CLASS = YES_ERROR;
				CLANG_WARN_QUOTED_INCLUDE_IN_FRAMEWORK_HEADER = YES;
				CLANG_WARN_RANGE_LOOP_ANALYSIS = YES;
				CLANG_WARN_STRICT_PROTOTYPES = YES;
				CLANG_WARN_SUSPICIOUS_MOVE = YES;
				CLANG_WARN_UNGUARDED_AVAILABILITY = YES_AGGRESSIVE;
				CLANG_WARN_UNREACHABLE_CODE = YES;
				CLANG_WARN__DUPLICATE_METHOD_MATCH = YES;
				COPY_PHASE_STRIP = NO;
				DEBUG_INFORMATION_FORMAT = dwarf;
				ENABLE_STRICT_OBJC_MSGSEND = YES;
				ENABLE_TESTABILITY = YES;
				GCC_C_LANGUAGE_STANDARD = gnu11;
				GCC_DYNAMIC_NO_PIC = NO;
				GCC_NO_COMMON_BLOCKS = YES;
				GCC_OPTIMIZATION_LEVEL = 0;
				GCC_PREPROCESSOR_DEFINITIONS = (
					"DEBUG=1",
					"$(inherited)",
				);
				GCC_WARN_64_TO_32_BIT_CONVERSION = YES;
				GCC_WARN_ABOUT_RETURN_TYPE = YES_ERROR;
				GCC_WARN_UNDECLARED_SELECTOR = YES;
				GCC_WARN_UNINITIALIZED_AUTOS = YES_AGGRESSIVE;
				GCC_WARN_UNUSED_FUNCTION = YES;
				GCC_WARN_UNUSED_VARIABLE = YES;
				IPHONEOS_DEPLOYMENT_TARGET = 14.2;
				MTL_ENABLE_DEBUG_INFO = INCLUDE_SOURCE;
				MTL_FAST_MATH = YES;
				ONLY_ACTIVE_ARCH = YES;
				SDKROOT = iphoneos;
				SWIFT_ACTIVE_COMPILATION_CONDITIONS = DEBUG;
				SWIFT_OPTIMIZATION_LEVEL = "-Onone";
			};
			name = Debug;
		};
		F99056A925B1FDA40053401F /* Release */ = {
			isa = XCBuildConfiguration;
			buildSettings = {
				ALWAYS_SEARCH_USER_PATHS = NO;
				CLANG_ANALYZER_NONNULL = YES;
				CLANG_ANALYZER_NUMBER_OBJECT_CONVERSION = YES_AGGRESSIVE;
				CLANG_CXX_LANGUAGE_STANDARD = "gnu++14";
				CLANG_CXX_LIBRARY = "libc++";
				CLANG_ENABLE_MODULES = YES;
				CLANG_ENABLE_OBJC_ARC = YES;
				CLANG_ENABLE_OBJC_WEAK = YES;
				CLANG_WARN_BLOCK_CAPTURE_AUTORELEASING = YES;
				CLANG_WARN_BOOL_CONVERSION = YES;
				CLANG_WARN_COMMA = YES;
				CLANG_WARN_CONSTANT_CONVERSION = YES;
				CLANG_WARN_DEPRECATED_OBJC_IMPLEMENTATIONS = YES;
				CLANG_WARN_DIRECT_OBJC_ISA_USAGE = YES_ERROR;
				CLANG_WARN_DOCUMENTATION_COMMENTS = YES;
				CLANG_WARN_EMPTY_BODY = YES;
				CLANG_WARN_ENUM_CONVERSION = YES;
				CLANG_WARN_INFINITE_RECURSION = YES;
				CLANG_WARN_INT_CONVERSION = YES;
				CLANG_WARN_NON_LITERAL_NULL_CONVERSION = YES;
				CLANG_WARN_OBJC_IMPLICIT_RETAIN_SELF = YES;
				CLANG_WARN_OBJC_LITERAL_CONVERSION = YES;
				CLANG_WARN_OBJC_ROOT_CLASS = YES_ERROR;
				CLANG_WARN_QUOTED_INCLUDE_IN_FRAMEWORK_HEADER = YES;
				CLANG_WARN_RANGE_LOOP_ANALYSIS = YES;
				CLANG_WARN_STRICT_PROTOTYPES = YES;
				CLANG_WARN_SUSPICIOUS_MOVE = YES;
				CLANG_WARN_UNGUARDED_AVAILABILITY = YES_AGGRESSIVE;
				CLANG_WARN_UNREACHABLE_CODE = YES;
				CLANG_WARN__DUPLICATE_METHOD_MATCH = YES;
				COPY_PHASE_STRIP = NO;
				DEBUG_INFORMATION_FORMAT = "dwarf-with-dsym";
				ENABLE_NS_ASSERTIONS = NO;
				ENABLE_STRICT_OBJC_MSGSEND = YES;
				GCC_C_LANGUAGE_STANDARD = gnu11;
				GCC_NO_COMMON_BLOCKS = YES;
				GCC_WARN_64_TO_32_BIT_CONVERSION = YES;
				GCC_WARN_ABOUT_RETURN_TYPE = YES_ERROR;
				GCC_WARN_UNDECLARED_SELECTOR = YES;
				GCC_WARN_UNINITIALIZED_AUTOS = YES_AGGRESSIVE;
				GCC_WARN_UNUSED_FUNCTION = YES;
				GCC_WARN_UNUSED_VARIABLE = YES;
				IPHONEOS_DEPLOYMENT_TARGET = 14.2;
				MTL_ENABLE_DEBUG_INFO = NO;
				MTL_FAST_MATH = YES;
				SDKROOT = iphoneos;
				SWIFT_COMPILATION_MODE = wholemodule;
				SWIFT_OPTIMIZATION_LEVEL = "-O";
				VALIDATE_PRODUCT = YES;
			};
			name = Release;
		};
		F99056AB25B1FDA40053401F /* Debug */ = {
			isa = XCBuildConfiguration;
			baseConfigurationReference = 8856596955D7E7A66A78462E /* Pods-SmackSlack.debug.xcconfig */;
			buildSettings = {
				ASSETCATALOG_COMPILER_APPICON_NAME = AppIcon;
				ASSETCATALOG_COMPILER_GLOBAL_ACCENT_COLOR_NAME = AccentColor;
				CLANG_ENABLE_MODULES = YES;
				CODE_SIGN_STYLE = Automatic;
				INFOPLIST_FILE = SmackSlack/Info.plist;
				LD_RUNPATH_SEARCH_PATHS = (
					"$(inherited)",
					"@executable_path/Frameworks",
				);
				PRODUCT_BUNDLE_IDENTIFIER = com.MyOrg.SmackSlack;
				PRODUCT_NAME = "$(TARGET_NAME)";
				SWIFT_OBJC_BRIDGING_HEADER = "SmackSlack/Supporting Files/SmackSlack-Bridging-Header.h";
				SWIFT_OPTIMIZATION_LEVEL = "-Onone";
				SWIFT_VERSION = 5.0;
				TARGETED_DEVICE_FAMILY = "1,2";
			};
			name = Debug;
		};
		F99056AC25B1FDA40053401F /* Release */ = {
			isa = XCBuildConfiguration;
			baseConfigurationReference = D33B8F183F223C19D3C0E9B9 /* Pods-SmackSlack.release.xcconfig */;
			buildSettings = {
				ASSETCATALOG_COMPILER_APPICON_NAME = AppIcon;
				ASSETCATALOG_COMPILER_GLOBAL_ACCENT_COLOR_NAME = AccentColor;
				CLANG_ENABLE_MODULES = YES;
				CODE_SIGN_STYLE = Automatic;
				INFOPLIST_FILE = SmackSlack/Info.plist;
				LD_RUNPATH_SEARCH_PATHS = (
					"$(inherited)",
					"@executable_path/Frameworks",
				);
				PRODUCT_BUNDLE_IDENTIFIER = com.MyOrg.SmackSlack;
				PRODUCT_NAME = "$(TARGET_NAME)";
				SWIFT_OBJC_BRIDGING_HEADER = "SmackSlack/Supporting Files/SmackSlack-Bridging-Header.h";
				SWIFT_VERSION = 5.0;
				TARGETED_DEVICE_FAMILY = "1,2";
			};
			name = Release;
		};
/* End XCBuildConfiguration section */

/* Begin XCConfigurationList section */
		F990569125B1FDA10053401F /* Build configuration list for PBXProject "SmackSlack" */ = {
			isa = XCConfigurationList;
			buildConfigurations = (
				F99056A825B1FDA40053401F /* Debug */,
				F99056A925B1FDA40053401F /* Release */,
			);
			defaultConfigurationIsVisible = 0;
			defaultConfigurationName = Release;
		};
		F99056AA25B1FDA40053401F /* Build configuration list for PBXNativeTarget "SmackSlack" */ = {
			isa = XCConfigurationList;
			buildConfigurations = (
				F99056AB25B1FDA40053401F /* Debug */,
				F99056AC25B1FDA40053401F /* Release */,
			);
			defaultConfigurationIsVisible = 0;
			defaultConfigurationName = Release;
		};
/* End XCConfigurationList section */
	};
	rootObject = F990568E25B1FDA10053401F /* Project object */;
}
